
Microsoft Visual Studio Solution File, Format Version 12.00
# Visual Studio Version 16
VisualStudioVersion = 16.0.32002.261
MinimumVisualStudioVersion = 10.0.40219.1
Project("{2150E333-8FDC-42A3-9474-1A3956D46DE8}") = "Services", "Services", "{B3D35270-9933-4EA2-9663-492CF73DCC62}"
EndProject
Project("{2150E333-8FDC-42A3-9474-1A3956D46DE8}") = "Catalog", "Catalog", "{0CD192B7-6C12-4D5F-B3FF-6C4A24117B13}"
EndProject
Project("{FAE04EC0-301F-11D3-BF4B-00C04F79EFBC}") = "Catalog.API", "src\services\catalog\Catalog.API\Catalog.API.csproj", "{54FE6B74-01F0-4A28-8FE2-E982D4C3C3F0}"
EndProject
Global
	GlobalSection(SolutionConfigurationPlatforms) = preSolution
		Debug|Any CPU = Debug|Any CPU
		Release|Any CPU = Release|Any CPU
	EndGlobalSection
	GlobalSection(ProjectConfigurationPlatforms) = postSolution
		{54FE6B74-01F0-4A28-8FE2-E982D4C3C3F0}.Debug|Any CPU.ActiveCfg = Debug|Any CPU
		{54FE6B74-01F0-4A28-8FE2-E982D4C3C3F0}.Debug|Any CPU.Build.0 = Debug|Any CPU
		{54FE6B74-01F0-4A28-8FE2-E982D4C3C3F0}.Release|Any CPU.ActiveCfg = Release|Any CPU
		{54FE6B74-01F0-4A28-8FE2-E982D4C3C3F0}.Release|Any CPU.Build.0 = Release|Any CPU
	EndGlobalSection
	GlobalSection(SolutionProperties) = preSolution
		HideSolutionNode = FALSE
	EndGlobalSection
	GlobalSection(NestedProjects) = preSolution
		{0CD192B7-6C12-4D5F-B3FF-6C4A24117B13} = {B3D35270-9933-4EA2-9663-492CF73DCC62}
		{54FE6B74-01F0-4A28-8FE2-E982D4C3C3F0} = {0CD192B7-6C12-4D5F-B3FF-6C4A24117B13}
	EndGlobalSection
	GlobalSection(ExtensibilityGlobals) = postSolution
		SolutionGuid = {5F2AE366-5022-4D90-B729-10CD4475A8E0}
	EndGlobalSection
EndGlobal
