
Microsoft Visual Studio Solution File, Format Version 12.00
# Visual Studio Version 16
VisualStudioVersion = 16.0.32002.261
MinimumVisualStudioVersion = 10.0.40219.1
Project("{2150E333-8FDC-42A3-9474-1A3956D46DE8}") = "Services", "Services", "{01F9BA8B-D99A-4F68-82AB-421EA6903C86}"
EndProject
Project("{2150E333-8FDC-42A3-9474-1A3956D46DE8}") = "Catalog", "Catalog", "{007BC1C4-31DF-40F2-9F4B-E4B518BD6B35}"
EndProject
Project("{FAE04EC0-301F-11D3-BF4B-00C04F79EFBC}") = "Catalog.API", "Services\Catalog\Catalog.API\Catalog.API.csproj", "{B227CEAF-C112-407A-9327-B6FC9DB328B3}"
EndProject
Global
	GlobalSection(SolutionConfigurationPlatforms) = preSolution
		Debug|Any CPU = Debug|Any CPU
		Release|Any CPU = Release|Any CPU
	EndGlobalSection
	GlobalSection(ProjectConfigurationPlatforms) = postSolution
		{B227CEAF-C112-407A-9327-B6FC9DB328B3}.Debug|Any CPU.ActiveCfg = Debug|Any CPU
		{B227CEAF-C112-407A-9327-B6FC9DB328B3}.Debug|Any CPU.Build.0 = Debug|Any CPU
		{B227CEAF-C112-407A-9327-B6FC9DB328B3}.Release|Any CPU.ActiveCfg = Release|Any CPU
		{B227CEAF-C112-407A-9327-B6FC9DB328B3}.Release|Any CPU.Build.0 = Release|Any CPU
	EndGlobalSection
	GlobalSection(SolutionProperties) = preSolution
		HideSolutionNode = FALSE
	EndGlobalSection
	GlobalSection(NestedProjects) = preSolution
		{007BC1C4-31DF-40F2-9F4B-E4B518BD6B35} = {01F9BA8B-D99A-4F68-82AB-421EA6903C86}
		{B227CEAF-C112-407A-9327-B6FC9DB328B3} = {007BC1C4-31DF-40F2-9F4B-E4B518BD6B35}
	EndGlobalSection
	GlobalSection(ExtensibilityGlobals) = postSolution
		SolutionGuid = {1378833A-BD9A-4911-9873-9289CAAFF9D8}
	EndGlobalSection
EndGlobal
